{
  "name": "submitrun",
  "version": "2.0.0",
  "lockfileVersion": 2,
  "requires": true,
  "packages": {
    "": {
      "name": "submitrun",
      "version": "2.0.0",
      "license": "Apache-2.0",
      "dependencies": {
        "@aws-sdk/protocol-http": "^3.127.0",
        "node-fetch": "^2.6.7"
      },
      "devDependencies": {
        "@types/aws-lambda": "^8.10.92"
      }
    },
    "node_modules/@aws-sdk/protocol-http": {
      "version": "3.127.0",
      "resolved": "https://registry.npmjs.org/@aws-sdk/protocol-http/-/protocol-http-3.127.0.tgz",
      "integrity": "sha512-UG83PVuKX40wilG2uRU0Fvz4OY8Bt+bSPOG776DFjwIXYzK7BwpJm9H2XI2HLhS5WxrJHhwrLBRgW6UiykMnFw==",
      "dependencies": {
        "@aws-sdk/types": "3.127.0",
        "tslib": "^2.3.1"
      },
      "engines": {
        "node": ">= 12.0.0"
      }
    },
    "node_modules/@aws-sdk/types": {
      "version": "3.127.0",
      "resolved": "https://registry.npmjs.org/@aws-sdk/types/-/types-3.127.0.tgz",
      "integrity": "sha512-e0wtx2IkOl7rwfKfLH5pPTzQ+d45V7b1WrjeL0WDI8kOu6w+sXmhNxI6uM2kf0k4NiTLN84lW290AEWupey9Og==",
      "engines": {
        "node": ">= 12.0.0"
      }
    },
    "node_modules/@types/aws-lambda": {
      "version": "8.10.101",
      "resolved": "https://registry.npmjs.org/@types/aws-lambda/-/aws-lambda-8.10.101.tgz",
      "integrity": "sha512-84geGyVc0H9P9aGbcg/vkDh5akJq0bEf3tizHNR2d1gcm0wsp9IZ/SW6rPxvgjJFi3OeVxDc8WTKCAjoZbogzg==",
      "dev": true
    },
    "node_modules/node-fetch": {
      "version": "2.6.7",
      "resolved": "https://registry.npmjs.org/node-fetch/-/node-fetch-2.6.7.tgz",
      "integrity": "sha512-ZjMPFEfVx5j+y2yF35Kzx5sF7kDzxuDj6ziH4FFbOp87zKDZNx8yExJIb05OGF4Nlt9IHFIMBkRl41VdvcNdbQ==",
      "dependencies": {
        "whatwg-url": "^5.0.0"
      },
      "engines": {
        "node": "4.x || >=6.0.0"
      },
      "peerDependencies": {
        "encoding": "^0.1.0"
      },
      "peerDependenciesMeta": {
        "encoding": {
          "optional": true
        }
      }
    },
    "node_modules/tr46": {
      "version": "0.0.3",
      "resolved": "https://registry.npmjs.org/tr46/-/tr46-0.0.3.tgz",
      "integrity": "sha512-N3WMsuqV66lT30CrXNbEjx4GEwlow3v6rr4mCcv6prnfwhS01rkgyFdjPNBYd9br7LpXV1+Emh01fHnq2Gdgrw=="
    },
    "node_modules/tslib": {
      "version": "2.4.0",
      "resolved": "https://registry.npmjs.org/tslib/-/tslib-2.4.0.tgz",
      "integrity": "sha512-d6xOpEDfsi2CZVlPQzGeux8XMwLT9hssAsaPYExaQMuYskwb+x1x7J371tWlbBdWHroy99KnVB6qIkUbs5X3UQ=="
    },
    "node_modules/webidl-conversions": {
      "version": "3.0.1",
      "resolved": "https://registry.npmjs.org/webidl-conversions/-/webidl-conversions-3.0.1.tgz",
      "integrity": "sha512-2JAn3z8AR6rjK8Sm8orRC0h/bcl/DqL7tRPdGZ4I1CjdF+EaMLmYxBHyXuKL849eucPFhvBoxMsflfOb8kxaeQ=="
    },
    "node_modules/whatwg-url": {
      "version": "5.0.0",
      "resolved": "https://registry.npmjs.org/whatwg-url/-/whatwg-url-5.0.0.tgz",
      "integrity": "sha512-saE57nupxk6v3HY35+jzBwYa0rKSy0XR8JSxZPwgLr7ys0IBzhGviA1/TUGJLmSVqs8pb9AnvICXEuOHLprYTw==",
      "dependencies": {
        "tr46": "~0.0.3",
        "webidl-conversions": "^3.0.0"
      }
    }
  },
  "dependencies": {
    "@aws-sdk/protocol-http": {
      "version": "3.127.0",
      "resolved": "https://registry.npmjs.org/@aws-sdk/protocol-http/-/protocol-http-3.127.0.tgz",
      "integrity": "sha512-UG83PVuKX40wilG2uRU0Fvz4OY8Bt+bSPOG776DFjwIXYzK7BwpJm9H2XI2HLhS5WxrJHhwrLBRgW6UiykMnFw==",
      "requires": {
        "@aws-sdk/types": "3.127.0",
        "tslib": "^2.3.1"
      }
    },
    "@aws-sdk/types": {
      "version": "3.127.0",
      "resolved": "https://registry.npmjs.org/@aws-sdk/types/-/types-3.127.0.tgz",
      "integrity": "sha512-e0wtx2IkOl7rwfKfLH5pPTzQ+d45V7b1WrjeL0WDI8kOu6w+sXmhNxI6uM2kf0k4NiTLN84lW290AEWupey9Og=="
    },
    "@types/aws-lambda": {
      "version": "8.10.101",
      "resolved": "https://registry.npmjs.org/@types/aws-lambda/-/aws-lambda-8.10.101.tgz",
      "integrity": "sha512-84geGyVc0H9P9aGbcg/vkDh5akJq0bEf3tizHNR2d1gcm0wsp9IZ/SW6rPxvgjJFi3OeVxDc8WTKCAjoZbogzg==",
      "dev": true
    },
    "node-fetch": {
      "version": "2.6.7",
      "resolved": "https://registry.npmjs.org/node-fetch/-/node-fetch-2.6.7.tgz",
      "integrity": "sha512-ZjMPFEfVx5j+y2yF35Kzx5sF7kDzxuDj6ziH4FFbOp87zKDZNx8yExJIb05OGF4Nlt9IHFIMBkRl41VdvcNdbQ==",
      "requires": {
        "whatwg-url": "^5.0.0"
      }
    },
    "tr46": {
      "version": "0.0.3",
      "resolved": "https://registry.npmjs.org/tr46/-/tr46-0.0.3.tgz",
      "integrity": "sha512-N3WMsuqV66lT30CrXNbEjx4GEwlow3v6rr4mCcv6prnfwhS01rkgyFdjPNBYd9br7LpXV1+Emh01fHnq2Gdgrw=="
    },
    "tslib": {
      "version": "2.4.0",
      "resolved": "https://registry.npmjs.org/tslib/-/tslib-2.4.0.tgz",
      "integrity": "sha512-d6xOpEDfsi2CZVlPQzGeux8XMwLT9hssAsaPYExaQMuYskwb+x1x7J371tWlbBdWHroy99KnVB6qIkUbs5X3UQ=="
    },
    "webidl-conversions": {
      "version": "3.0.1",
      "resolved": "https://registry.npmjs.org/webidl-conversions/-/webidl-conversions-3.0.1.tgz",
      "integrity": "sha512-2JAn3z8AR6rjK8Sm8orRC0h/bcl/DqL7tRPdGZ4I1CjdF+EaMLmYxBHyXuKL849eucPFhvBoxMsflfOb8kxaeQ=="
    },
    "whatwg-url": {
      "version": "5.0.0",
      "resolved": "https://registry.npmjs.org/whatwg-url/-/whatwg-url-5.0.0.tgz",
      "integrity": "sha512-saE57nupxk6v3HY35+jzBwYa0rKSy0XR8JSxZPwgLr7ys0IBzhGviA1/TUGJLmSVqs8pb9AnvICXEuOHLprYTw==",
      "requires": {
        "tr46": "~0.0.3",
        "webidl-conversions": "^3.0.0"
      }
    }
  }
}
